
Microsoft Visual Studio Solution File, Format Version 12.00
# Visual Studio Version 17
VisualStudioVersion = 17.12.35514.174 d17.12
MinimumVisualStudioVersion = 10.0.40219.1
Project("{FAE04EC0-301F-11D3-BF4B-00C04F79EFBC}") = "FAOC.Server", "FAOC.Server\FAOC.Server.csproj", "{61552AF6-1103-40B0-A23F-D79E01483C44}"
EndProject
Project("{54A90642-561A-4BB1-A94E-469ADEE60C69}") = "faoc.client", "faoc.client\faoc.client.esproj", "{5F382070-CE20-4C44-AA5F-F99C89454E1B}"
EndProject
Global
	GlobalSection(SolutionConfigurationPlatforms) = preSolution
		Debug|Any CPU = Debug|Any CPU
		Release|Any CPU = Release|Any CPU
	EndGlobalSection
	GlobalSection(ProjectConfigurationPlatforms) = postSolution
		{61552AF6-1103-40B0-A23F-D79E01483C44}.Debug|Any CPU.ActiveCfg = Debug|Any CPU
		{61552AF6-1103-40B0-A23F-D79E01483C44}.Debug|Any CPU.Build.0 = Debug|Any CPU
		{61552AF6-1103-40B0-A23F-D79E01483C44}.Release|Any CPU.ActiveCfg = Release|Any CPU
		{61552AF6-1103-40B0-A23F-D79E01483C44}.Release|Any CPU.Build.0 = Release|Any CPU
		{5F382070-CE20-4C44-AA5F-F99C89454E1B}.Debug|Any CPU.ActiveCfg = Debug|Any CPU
		{5F382070-CE20-4C44-AA5F-F99C89454E1B}.Debug|Any CPU.Build.0 = Debug|Any CPU
		{5F382070-CE20-4C44-AA5F-F99C89454E1B}.Debug|Any CPU.Deploy.0 = Debug|Any CPU
		{5F382070-CE20-4C44-AA5F-F99C89454E1B}.Release|Any CPU.ActiveCfg = Release|Any CPU
		{5F382070-CE20-4C44-AA5F-F99C89454E1B}.Release|Any CPU.Build.0 = Release|Any CPU
		{5F382070-CE20-4C44-AA5F-F99C89454E1B}.Release|Any CPU.Deploy.0 = Release|Any CPU
	EndGlobalSection
	GlobalSection(SolutionProperties) = preSolution
		HideSolutionNode = FALSE
	EndGlobalSection
EndGlobal
